
Microsoft Visual Studio Solution File, Format Version 12.00
# Visual Studio Version 17
VisualStudioVersion = 17.8.34309.116
MinimumVisualStudioVersion = 10.0.40219.1
Project("{9A19103F-16F7-4668-BE54-9A1E7A4F7556}") = "WooCommerceAPI", "WooCommerceAPI\WooCommerceAPI.csproj", "{E27B492A-3D82-4402-B428-2641EB0F1EC5}"
EndProject
Project("{9A19103F-16F7-4668-BE54-9A1E7A4F7556}") = "WooCommerceAPI.Tests.Unit", "WooCommerceAPI.Tests.Unit\WooCommerceAPI.Tests.Unit.csproj", "{C0AC0BA0-2C8E-4D2B-8CA1-E38042FE4138}"
EndProject
Project("{9A19103F-16F7-4668-BE54-9A1E7A4F7556}") = "TestConsole", "ConsoleApp1\TestConsole.csproj", "{A2DD54AC-09C5-4862-965B-C2E68A7419D6}"
EndProject
Project("{2150E333-8FDC-42A3-9474-1A3956D46DE8}") = "Solution Items", "Solution Items", "{DEC5DEE7-5962-480D-AA48-3881872222EE}"
	ProjectSection(SolutionItems) = preProject
		docs.md = docs.md
	EndProjectSection
EndProject
Project("{9A19103F-16F7-4668-BE54-9A1E7A4F7556}") = "FacadeAPI", "FacadeAPI\FacadeAPI.csproj", "{F7CA538A-4734-44B9-B0C5-ADB5435C6FEF}"
EndProject
Project("{9A19103F-16F7-4668-BE54-9A1E7A4F7556}") = "FacadeTest", "FacadeTest\FacadeTest.csproj", "{087349DA-234A-42FC-8959-ED66D9FDD49F}"
EndProject
Global
	GlobalSection(SolutionConfigurationPlatforms) = preSolution
		Debug|Any CPU = Debug|Any CPU
		Release|Any CPU = Release|Any CPU
	EndGlobalSection
	GlobalSection(ProjectConfigurationPlatforms) = postSolution
		{E27B492A-3D82-4402-B428-2641EB0F1EC5}.Debug|Any CPU.ActiveCfg = Debug|Any CPU
		{E27B492A-3D82-4402-B428-2641EB0F1EC5}.Debug|Any CPU.Build.0 = Debug|Any CPU
		{E27B492A-3D82-4402-B428-2641EB0F1EC5}.Release|Any CPU.ActiveCfg = Release|Any CPU
		{E27B492A-3D82-4402-B428-2641EB0F1EC5}.Release|Any CPU.Build.0 = Release|Any CPU
		{C0AC0BA0-2C8E-4D2B-8CA1-E38042FE4138}.Debug|Any CPU.ActiveCfg = Debug|Any CPU
		{C0AC0BA0-2C8E-4D2B-8CA1-E38042FE4138}.Debug|Any CPU.Build.0 = Debug|Any CPU
		{C0AC0BA0-2C8E-4D2B-8CA1-E38042FE4138}.Release|Any CPU.ActiveCfg = Release|Any CPU
		{C0AC0BA0-2C8E-4D2B-8CA1-E38042FE4138}.Release|Any CPU.Build.0 = Release|Any CPU
		{A2DD54AC-09C5-4862-965B-C2E68A7419D6}.Debug|Any CPU.ActiveCfg = Debug|Any CPU
		{A2DD54AC-09C5-4862-965B-C2E68A7419D6}.Debug|Any CPU.Build.0 = Debug|Any CPU
		{A2DD54AC-09C5-4862-965B-C2E68A7419D6}.Release|Any CPU.ActiveCfg = Release|Any CPU
		{A2DD54AC-09C5-4862-965B-C2E68A7419D6}.Release|Any CPU.Build.0 = Release|Any CPU
		{F7CA538A-4734-44B9-B0C5-ADB5435C6FEF}.Debug|Any CPU.ActiveCfg = Debug|Any CPU
		{F7CA538A-4734-44B9-B0C5-ADB5435C6FEF}.Debug|Any CPU.Build.0 = Debug|Any CPU
		{F7CA538A-4734-44B9-B0C5-ADB5435C6FEF}.Release|Any CPU.ActiveCfg = Release|Any CPU
		{F7CA538A-4734-44B9-B0C5-ADB5435C6FEF}.Release|Any CPU.Build.0 = Release|Any CPU
		{087349DA-234A-42FC-8959-ED66D9FDD49F}.Debug|Any CPU.ActiveCfg = Debug|Any CPU
		{087349DA-234A-42FC-8959-ED66D9FDD49F}.Debug|Any CPU.Build.0 = Debug|Any CPU
		{087349DA-234A-42FC-8959-ED66D9FDD49F}.Release|Any CPU.ActiveCfg = Release|Any CPU
		{087349DA-234A-42FC-8959-ED66D9FDD49F}.Release|Any CPU.Build.0 = Release|Any CPU
	EndGlobalSection
	GlobalSection(SolutionProperties) = preSolution
		HideSolutionNode = FALSE
	EndGlobalSection
	GlobalSection(ExtensibilityGlobals) = postSolution
		SolutionGuid = {93D84004-EF8F-483D-85D9-113A20F40622}
	EndGlobalSection
EndGlobal
